// !$*UTF8*$!
{
	archiveVersion = 1;
	classes = {
	};
	objectVersion = 46;
	objects = {

/* Begin PBXBuildFile section */
		2CFD568519A5E5E0009EB68F /* AppDelegate.swift in Sources */ = {isa = PBXBuildFile; fileRef = 2CFD568419A5E5E0009EB68F /* AppDelegate.swift */; };
		2CFD568719A5E5E0009EB68F /* MainViewController.swift in Sources */ = {isa = PBXBuildFile; fileRef = 2CFD568619A5E5E0009EB68F /* MainViewController.swift */; };
		2CFD568C19A5E5E0009EB68F /* Images.xcassets in Resources */ = {isa = PBXBuildFile; fileRef = 2CFD568B19A5E5E0009EB68F /* Images.xcassets */; };
		2CFD569819A5E5E1009EB68F /* SlideView_SwiftTests.swift in Sources */ = {isa = PBXBuildFile; fileRef = 2CFD569719A5E5E1009EB68F /* SlideView_SwiftTests.swift */; };
		2CFD56A219A5E667009EB68F /* HomeViewController.swift in Sources */ = {isa = PBXBuildFile; fileRef = 2CFD56A119A5E667009EB68F /* HomeViewController.swift */; };
		2CFD56A419A5E691009EB68F /* LeftPanelViewController.swift in Sources */ = {isa = PBXBuildFile; fileRef = 2CFD56A319A5E691009EB68F /* LeftPanelViewController.swift */; };
		2CFD56A619A68C2E009EB68F /* Main.storyboard in Resources */ = {isa = PBXBuildFile; fileRef = 2CFD56A519A68C2E009EB68F /* Main.storyboard */; };
/* End PBXBuildFile section */

/* Begin PBXContainerItemProxy section */
		2CFD569219A5E5E1009EB68F /* PBXContainerItemProxy */ = {
			isa = PBXContainerItemProxy;
			containerPortal = 2CFD567719A5E5E0009EB68F /* Project object */;
			proxyType = 1;
			remoteGlobalIDString = 2CFD567E19A5E5E0009EB68F;
			remoteInfo = SlideView_Swift;
		};
/* End PBXContainerItemProxy section */

/* Begin PBXFileReference section */
		2CFD567F19A5E5E0009EB68F /* SlideView_Swift.app */ = {isa = PBXFileReference; explicitFileType = wrapper.application; includeInIndex = 0; path = SlideView_Swift.app; sourceTree = BUILT_PRODUCTS_DIR; };
		2CFD568319A5E5E0009EB68F /* Info.plist */ = {isa = PBXFileReference; lastKnownFileType = text.plist.xml; path = Info.plist; sourceTree = "<group>"; };
		2CFD568419A5E5E0009EB68F /* AppDelegate.swift */ = {isa = PBXFileReference; lastKnownFileType = sourcecode.swift; path = AppDelegate.swift; sourceTree = "<group>"; };
		2CFD568619A5E5E0009EB68F /* MainViewController.swift */ = {isa = PBXFileReference; lastKnownFileType = sourcecode.swift; path = MainViewController.swift; sourceTree = "<group>"; };
		2CFD568B19A5E5E0009EB68F /* Images.xcassets */ = {isa = PBXFileReference; lastKnownFileType = folder.assetcatalog; path = Images.xcassets; sourceTree = "<group>"; };
		2CFD569119A5E5E1009EB68F /* SlideView_SwiftTests.xctest */ = {isa = PBXFileReference; explicitFileType = wrapper.cfbundle; includeInIndex = 0; path = SlideView_SwiftTests.xctest; sourceTree = BUILT_PRODUCTS_DIR; };
		2CFD569619A5E5E1009EB68F /* Info.plist */ = {isa = PBXFileReference; lastKnownFileType = text.plist.xml; path = Info.plist; sourceTree = "<group>"; };
		2CFD569719A5E5E1009EB68F /* SlideView_SwiftTests.swift */ = {isa = PBXFileReference; lastKnownFileType = sourcecode.swift; path = SlideView_SwiftTests.swift; sourceTree = "<group>"; };
		2CFD56A119A5E667009EB68F /* HomeViewController.swift */ = {isa = PBXFileReference; fileEncoding = 4; lastKnownFileType = sourcecode.swift; path = HomeViewController.swift; sourceTree = "<group>"; };
		2CFD56A319A5E691009EB68F /* LeftPanelViewController.swift */ = {isa = PBXFileReference; fileEncoding = 4; lastKnownFileType = sourcecode.swift; path = LeftPanelViewController.swift; sourceTree = "<group>"; };
		2CFD56A519A68C2E009EB68F /* Main.storyboard */ = {isa = PBXFileReference; fileEncoding = 4; lastKnownFileType = file.storyboard; path = Main.storyboard; sourceTree = "<group>"; };
/* End PBXFileReference section */

/* Begin PBXFrameworksBuildPhase section */
		2CFD567C19A5E5E0009EB68F /* Frameworks */ = {
			isa = PBXFrameworksBuildPhase;
			buildActionMask = 2147483647;
			files = (
			);
			runOnlyForDeploymentPostprocessing = 0;
		};
		2CFD568E19A5E5E1009EB68F /* Frameworks */ = {
			isa = PBXFrameworksBuildPhase;
			buildActionMask = 2147483647;
			files = (
			);
			runOnlyForDeploymentPostprocessing = 0;
		};
/* End PBXFrameworksBuildPhase section */

/* Begin PBXGroup section */
		2CFD567619A5E5E0009EB68F = {
			isa = PBXGroup;
			children = (
				2CFD568119A5E5E0009EB68F /* SlideView_Swift */,
				2CFD569419A5E5E1009EB68F /* SlideView_SwiftTests */,
				2CFD568019A5E5E0009EB68F /* Products */,
			);
			sourceTree = "<group>";
		};
		2CFD568019A5E5E0009EB68F /* Products */ = {
			isa = PBXGroup;
			children = (
				2CFD567F19A5E5E0009EB68F /* SlideView_Swift.app */,
				2CFD569119A5E5E1009EB68F /* SlideView_SwiftTests.xctest */,
			);
			name = Products;
			sourceTree = "<group>";
		};
		2CFD568119A5E5E0009EB68F /* SlideView_Swift */ = {
			isa = PBXGroup;
			children = (
				2CFD56A319A5E691009EB68F /* LeftPanelViewController.swift */,
				2CFD568419A5E5E0009EB68F /* AppDelegate.swift */,
				2CFD568619A5E5E0009EB68F /* MainViewController.swift */,
				2CFD56A119A5E667009EB68F /* HomeViewController.swift */,
				2CFD56A519A68C2E009EB68F /* Main.storyboard */,
				2CFD568B19A5E5E0009EB68F /* Images.xcassets */,
				2CFD568219A5E5E0009EB68F /* Supporting Files */,
			);
			path = SlideView_Swift;
			sourceTree = "<group>";
		};
		2CFD568219A5E5E0009EB68F /* Supporting Files */ = {
			isa = PBXGroup;
			children = (
				2CFD568319A5E5E0009EB68F /* Info.plist */,
			);
			name = "Supporting Files";
			sourceTree = "<group>";
		};
		2CFD569419A5E5E1009EB68F /* SlideView_SwiftTests */ = {
			isa = PBXGroup;
			children = (
				2CFD569719A5E5E1009EB68F /* SlideView_SwiftTests.swift */,
				2CFD569519A5E5E1009EB68F /* Supporting Files */,
			);
			path = SlideView_SwiftTests;
			sourceTree = "<group>";
		};
		2CFD569519A5E5E1009EB68F /* Supporting Files */ = {
			isa = PBXGroup;
			children = (
				2CFD569619A5E5E1009EB68F /* Info.plist */,
			);
			name = "Supporting Files";
			sourceTree = "<group>";
		};
/* End PBXGroup section */

/* Begin PBXNativeTarget section */
		2CFD567E19A5E5E0009EB68F /* SlideView_Swift */ = {
			isa = PBXNativeTarget;
			buildConfigurationList = 2CFD569B19A5E5E1009EB68F /* Build configuration list for PBXNativeTarget "SlideView_Swift" */;
			buildPhases = (
				2CFD567B19A5E5E0009EB68F /* Sources */,
				2CFD567C19A5E5E0009EB68F /* Frameworks */,
				2CFD567D19A5E5E0009EB68F /* Resources */,
			);
			buildRules = (
			);
			dependencies = (
			);
			name = SlideView_Swift;
			productName = SlideView_Swift;
			productReference = 2CFD567F19A5E5E0009EB68F /* SlideView_Swift.app */;
			productType = "com.apple.product-type.application";
		};
		2CFD569019A5E5E1009EB68F /* SlideView_SwiftTests */ = {
			isa = PBXNativeTarget;
			buildConfigurationList = 2CFD569E19A5E5E1009EB68F /* Build configuration list for PBXNativeTarget "SlideView_SwiftTests" */;
			buildPhases = (
				2CFD568D19A5E5E1009EB68F /* Sources */,
				2CFD568E19A5E5E1009EB68F /* Frameworks */,
				2CFD568F19A5E5E1009EB68F /* Resources */,
			);
			buildRules = (
			);
			dependencies = (
				2CFD569319A5E5E1009EB68F /* PBXTargetDependency */,
			);
			name = SlideView_SwiftTests;
			productName = SlideView_SwiftTests;
			productReference = 2CFD569119A5E5E1009EB68F /* SlideView_SwiftTests.xctest */;
			productType = "com.apple.product-type.bundle.unit-test";
		};
/* End PBXNativeTarget section */

/* Begin PBXProject section */
		2CFD567719A5E5E0009EB68F /* Project object */ = {
			isa = PBXProject;
			attributes = {
				LastUpgradeCheck = 0600;
				ORGANIZATIONNAME = "Jeswanth Bonthu";
				TargetAttributes = {
					2CFD567E19A5E5E0009EB68F = {
						CreatedOnToolsVersion = 6.0;
					};
					2CFD569019A5E5E1009EB68F = {
						CreatedOnToolsVersion = 6.0;
						TestTargetID = 2CFD567E19A5E5E0009EB68F;
					};
				};
			};
			buildConfigurationList = 2CFD567A19A5E5E0009EB68F /* Build configuration list for PBXProject "SlideView_Swift" */;
			compatibilityVersion = "Xcode 3.2";
			developmentRegion = English;
			hasScannedForEncodings = 0;
			knownRegions = (
				en,
				Base,
			);
			mainGroup = 2CFD567619A5E5E0009EB68F;
			productRefGroup = 2CFD568019A5E5E0009EB68F /* Products */;
			projectDirPath = "";
			projectRoot = "";
			targets = (
				2CFD567E19A5E5E0009EB68F /* SlideView_Swift */,
				2CFD569019A5E5E1009EB68F /* SlideView_SwiftTests */,
			);
		};
/* End PBXProject section */

/* Begin PBXResourcesBuildPhase section */
		2CFD567D19A5E5E0009EB68F /* Resources */ = {
			isa = PBXResourcesBuildPhase;
			buildActionMask = 2147483647;
			files = (
				2CFD568C19A5E5E0009EB68F /* Images.xcassets in Resources */,
				2CFD56A619A68C2E009EB68F /* Main.storyboard in Resources */,
			);
			runOnlyForDeploymentPostprocessing = 0;
		};
		2CFD568F19A5E5E1009EB68F /* Resources */ = {
			isa = PBXResourcesBuildPhase;
			buildActionMask = 2147483647;
			files = (
			);
			runOnlyForDeploymentPostprocessing = 0;
		};
/* End PBXResourcesBuildPhase section */

/* Begin PBXSourcesBuildPhase section */
		2CFD567B19A5E5E0009EB68F /* Sources */ = {
			isa = PBXSourcesBuildPhase;
			buildActionMask = 2147483647;
			files = (
				2CFD568719A5E5E0009EB68F /* MainViewController.swift in Sources */,
				2CFD568519A5E5E0009EB68F /* AppDelegate.swift in Sources */,
				2CFD56A419A5E691009EB68F /* LeftPanelViewController.swift in Sources */,
				2CFD56A219A5E667009EB68F /* HomeViewController.swift in Sources */,
			);
			runOnlyForDeploymentPostprocessing = 0;
		};
		2CFD568D19A5E5E1009EB68F /* Sources */ = {
			isa = PBXSourcesBuildPhase;
			buildActionMask = 2147483647;
			files = (
				2CFD569819A5E5E1009EB68F /* SlideView_SwiftTests.swift in Sources */,
			);
			runOnlyForDeploymentPostprocessing = 0;
		};
/* End PBXSourcesBuildPhase section */

/* Begin PBXTargetDependency section */
		2CFD569319A5E5E1009EB68F /* PBXTargetDependency */ = {
			isa = PBXTargetDependency;
			target = 2CFD567E19A5E5E0009EB68F /* SlideView_Swift */;
			targetProxy = 2CFD569219A5E5E1009EB68F /* PBXContainerItemProxy */;
		};
/* End PBXTargetDependency section */

/* Begin XCBuildConfiguration section */
		2CFD569919A5E5E1009EB68F /* Debug */ = {
			isa = XCBuildConfiguration;
			buildSettings = {
				ALWAYS_SEARCH_USER_PATHS = NO;
				CLANG_CXX_LANGUAGE_STANDARD = "gnu++0x";
				CLANG_CXX_LIBRARY = "libc++";
				CLANG_ENABLE_MODULES = YES;
				CLANG_ENABLE_OBJC_ARC = YES;
				CLANG_WARN_BOOL_CONVERSION = YES;
				CLANG_WARN_CONSTANT_CONVERSION = YES;
				CLANG_WARN_DIRECT_OBJC_ISA_USAGE = YES_ERROR;
				CLANG_WARN_EMPTY_BODY = YES;
				CLANG_WARN_ENUM_CONVERSION = YES;
				CLANG_WARN_INT_CONVERSION = YES;
				CLANG_WARN_OBJC_ROOT_CLASS = YES_ERROR;
				CLANG_WARN_UNREACHABLE_CODE = YES;
				CLANG_WARN__DUPLICATE_METHOD_MATCH = YES;
				"CODE_SIGN_IDENTITY[sdk=iphoneos*]" = "iPhone Developer";
				COPY_PHASE_STRIP = NO;
				ENABLE_STRICT_OBJC_MSGSEND = YES;
				GCC_C_LANGUAGE_STANDARD = gnu99;
				GCC_DYNAMIC_NO_PIC = NO;
				GCC_OPTIMIZATION_LEVEL = 0;
				GCC_PREPROCESSOR_DEFINITIONS = (
					"DEBUG=1",
					"$(inherited)",
				);
				GCC_SYMBOLS_PRIVATE_EXTERN = NO;
				GCC_WARN_64_TO_32_BIT_CONVERSION = YES;
				GCC_WARN_ABOUT_RETURN_TYPE = YES_ERROR;
				GCC_WARN_UNDECLARED_SELECTOR = YES;
				GCC_WARN_UNINITIALIZED_AUTOS = YES_AGGRESSIVE;
				GCC_WARN_UNUSED_FUNCTION = YES;
				GCC_WARN_UNUSED_VARIABLE = YES;
				IPHONEOS_DEPLOYMENT_TARGET = 8.0;
				MTL_ENABLE_DEBUG_INFO = YES;
				ONLY_ACTIVE_ARCH = YES;
				SDKROOT = iphoneos;
				SWIFT_OPTIMIZATION_LEVEL = "-Onone";
			};
			name = Debug;
		};
		2CFD569A19A5E5E1009EB68F /* Release */ = {
			isa = XCBuildConfiguration;
			buildSettings = {
				ALWAYS_SEARCH_USER_PATHS = NO;
				CLANG_CXX_LANGUAGE_STANDARD = "gnu++0x";
				CLANG_CXX_LIBRARY = "libc++";
				CLANG_ENABLE_MODULES = YES;
				CLANG_ENABLE_OBJC_ARC = YES;
				CLANG_WARN_BOOL_CONVERSION = YES;
				CLANG_WARN_CONSTANT_CONVERSION = YES;
				CLANG_WARN_DIRECT_OBJC_ISA_USAGE = YES_ERROR;
				CLANG_WARN_EMPTY_BODY = YES;
				CLANG_WARN_ENUM_CONVERSION = YES;
				CLANG_WARN_INT_CONVERSION = YES;
				CLANG_WARN_OBJC_ROOT_CLASS = YES_ERROR;
				CLANG_WARN_UNREACHABLE_CODE = YES;
				CLANG_WARN__DUPLICATE_METHOD_MATCH = YES;
				"CODE_SIGN_IDENTITY[sdk=iphoneos*]" = "iPhone Developer";
				COPY_PHASE_STRIP = YES;
				ENABLE_NS_ASSERTIONS = NO;
				ENABLE_STRICT_OBJC_MSGSEND = YES;
				GCC_C_LANGUAGE_STANDARD = gnu99;
				GCC_WARN_64_TO_32_BIT_CONVERSION = YES;
				GCC_WARN_ABOUT_RETURN_TYPE = YES_ERROR;
				GCC_WARN_UNDECLARED_SELECTOR = YES;
				GCC_WARN_UNINITIALIZED_AUTOS = YES_AGGRESSIVE;
				GCC_WARN_UNUSED_FUNCTION = YES;
				GCC_WARN_UNUSED_VARIABLE = YES;
				IPHONEOS_DEPLOYMENT_TARGET = 8.0;
				MTL_ENABLE_DEBUG_INFO = NO;
				SDKROOT = iphoneos;
				VALIDATE_PRODUCT = YES;
			};
			name = Release;
		};
		2CFD569C19A5E5E1009EB68F /* Debug */ = {
			isa = XCBuildConfiguration;
			buildSettings = {
				ASSETCATALOG_COMPILER_APPICON_NAME = AppIcon;
				ASSETCATALOG_COMPILER_LAUNCHIMAGE_NAME = LaunchImage;
				INFOPLIST_FILE = SlideView_Swift/Info.plist;
				LD_RUNPATH_SEARCH_PATHS = "$(inherited) @executable_path/Frameworks";
				PRODUCT_NAME = "$(TARGET_NAME)";
			};
			name = Debug;
		};
		2CFD569D19A5E5E1009EB68F /* Release */ = {
			isa = XCBuildConfiguration;
			buildSettings = {
				ASSETCATALOG_COMPILER_APPICON_NAME = AppIcon;
				ASSETCATALOG_COMPILER_LAUNCHIMAGE_NAME = LaunchImage;
				INFOPLIST_FILE = SlideView_Swift/Info.plist;
				LD_RUNPATH_SEARCH_PATHS = "$(inherited) @executable_path/Frameworks";
				PRODUCT_NAME = "$(TARGET_NAME)";
			};
			name = Release;
		};
		2CFD569F19A5E5E1009EB68F /* Debug */ = {
			isa = XCBuildConfiguration;
			buildSettings = {
				BUNDLE_LOADER = "$(TEST_HOST)";
				FRAMEWORK_SEARCH_PATHS = (
					"$(SDKROOT)/Developer/Library/Frameworks",
					"$(inherited)",
				);
				GCC_PREPROCESSOR_DEFINITIONS = (
					"DEBUG=1",
					"$(inherited)",
				);
				INFOPLIST_FILE = SlideView_SwiftTests/Info.plist;
				LD_RUNPATH_SEARCH_PATHS = "$(inherited) @executable_path/Frameworks @loader_path/Frameworks";
				PRODUCT_NAME = "$(TARGET_NAME)";
				TEST_HOST = "$(BUILT_PRODUCTS_DIR)/SlideView_Swift.app/SlideView_Swift";
			};
			name = Debug;
		};
		2CFD56A019A5E5E1009EB68F /* Release */ = {
			isa = XCBuildConfiguration;
			buildSettings = {
				BUNDLE_LOADER = "$(TEST_HOST)";
				FRAMEWORK_SEARCH_PATHS = (
					"$(SDKROOT)/Developer/Library/Frameworks",
					"$(inherited)",
				);
				INFOPLIST_FILE = SlideView_SwiftTests/Info.plist;
				LD_RUNPATH_SEARCH_PATHS = "$(inherited) @executable_path/Frameworks @loader_path/Frameworks";
				PRODUCT_NAME = "$(TARGET_NAME)";
				TEST_HOST = "$(BUILT_PRODUCTS_DIR)/SlideView_Swift.app/SlideView_Swift";
			};
			name = Release;
		};
/* End XCBuildConfiguration section */

/* Begin XCConfigurationList section */
		2CFD567A19A5E5E0009EB68F /* Build configuration list for PBXProject "SlideView_Swift" */ = {
			isa = XCConfigurationList;
			buildConfigurations = (
				2CFD569919A5E5E1009EB68F /* Debug */,
				2CFD569A19A5E5E1009EB68F /* Release */,
			);
			defaultConfigurationIsVisible = 0;
			defaultConfigurationName = Release;
		};
		2CFD569B19A5E5E1009EB68F /* Build configuration list for PBXNativeTarget "SlideView_Swift" */ = {
			isa = XCConfigurationList;
			buildConfigurations = (
				2CFD569C19A5E5E1009EB68F /* Debug */,
				2CFD569D19A5E5E1009EB68F /* Release */,
			);
			defaultConfigurationIsVisible = 0;
			defaultConfigurationName = Release;
		};
		2CFD569E19A5E5E1009EB68F /* Build configuration list for PBXNativeTarget "SlideView_SwiftTests" */ = {
			isa = XCConfigurationList;
			buildConfigurations = (
				2CFD569F19A5E5E1009EB68F /* Debug */,
				2CFD56A019A5E5E1009EB68F /* Release */,
			);
			defaultConfigurationIsVisible = 0;
			defaultConfigurationName = Release;
		};
/* End XCConfigurationList section */
	};
	rootObject = 2CFD567719A5E5E0009EB68F /* Project object */;
}
